// !$*UTF8*$!
{
	archiveVersion = 1;
	classes = {
	};
	objectVersion = 55;
	objects = {

/* Begin PBXBuildFile section */
		308DC96F27EB07A400AC4F65 /* AppDelegate.swift in Sources */ = {isa = PBXBuildFile; fileRef = 308DC96E27EB07A400AC4F65 /* AppDelegate.swift */; };
		308DC97127EB07A400AC4F65 /* SceneDelegate.swift in Sources */ = {isa = PBXBuildFile; fileRef = 308DC97027EB07A400AC4F65 /* SceneDelegate.swift */; };
		308DC97327EB07A400AC4F65 /* ViewController.swift in Sources */ = {isa = PBXBuildFile; fileRef = 308DC97227EB07A400AC4F65 /* ViewController.swift */; };
		308DC97627EB07A400AC4F65 /* Main.storyboard in Resources */ = {isa = PBXBuildFile; fileRef = 308DC97427EB07A400AC4F65 /* Main.storyboard */; };
		308DC97827EB07A600AC4F65 /* Assets.xcassets in Resources */ = {isa = PBXBuildFile; fileRef = 308DC97727EB07A600AC4F65 /* Assets.xcassets */; };
		308DC97B27EB07A600AC4F65 /* LaunchScreen.storyboard in Resources */ = {isa = PBXBuildFile; fileRef = 308DC97927EB07A600AC4F65 /* LaunchScreen.storyboard */; };
		308DC98627EB07A600AC4F65 /* SwiftUIInUIKitTests.swift in Sources */ = {isa = PBXBuildFile; fileRef = 308DC98527EB07A600AC4F65 /* SwiftUIInUIKitTests.swift */; };
		308DC99027EB07A600AC4F65 /* SwiftUIInUIKitUITests.swift in Sources */ = {isa = PBXBuildFile; fileRef = 308DC98F27EB07A600AC4F65 /* SwiftUIInUIKitUITests.swift */; };
		308DC99227EB07A600AC4F65 /* SwiftUIInUIKitUITestsLaunchTests.swift in Sources */ = {isa = PBXBuildFile; fileRef = 308DC99127EB07A600AC4F65 /* SwiftUIInUIKitUITestsLaunchTests.swift */; };
/* End PBXBuildFile section */

/* Begin PBXContainerItemProxy section */
		308DC98227EB07A600AC4F65 /* PBXContainerItemProxy */ = {
			isa = PBXContainerItemProxy;
			containerPortal = 308DC96327EB07A400AC4F65 /* Project object */;
			proxyType = 1;
			remoteGlobalIDString = 308DC96A27EB07A400AC4F65;
			remoteInfo = SwiftUIInUIKit;
		};
		308DC98C27EB07A600AC4F65 /* PBXContainerItemProxy */ = {
			isa = PBXContainerItemProxy;
			containerPortal = 308DC96327EB07A400AC4F65 /* Project object */;
			proxyType = 1;
			remoteGlobalIDString = 308DC96A27EB07A400AC4F65;
			remoteInfo = SwiftUIInUIKit;
		};
/* End PBXContainerItemProxy section */

/* Begin PBXFileReference section */
		308DC96B27EB07A400AC4F65 /* SwiftUIInUIKit.app */ = {isa = PBXFileReference; explicitFileType = wrapper.application; includeInIndex = 0; path = SwiftUIInUIKit.app; sourceTree = BUILT_PRODUCTS_DIR; };
		308DC96E27EB07A400AC4F65 /* AppDelegate.swift */ = {isa = PBXFileReference; lastKnownFileType = sourcecode.swift; path = AppDelegate.swift; sourceTree = "<group>"; };
		308DC97027EB07A400AC4F65 /* SceneDelegate.swift */ = {isa = PBXFileReference; lastKnownFileType = sourcecode.swift; path = SceneDelegate.swift; sourceTree = "<group>"; };
		308DC97227EB07A400AC4F65 /* ViewController.swift */ = {isa = PBXFileReference; lastKnownFileType = sourcecode.swift; path = ViewController.swift; sourceTree = "<group>"; };
		308DC97527EB07A400AC4F65 /* Base */ = {isa = PBXFileReference; lastKnownFileType = file.storyboard; name = Base; path = Base.lproj/Main.storyboard; sourceTree = "<group>"; };
		308DC97727EB07A600AC4F65 /* Assets.xcassets */ = {isa = PBXFileReference; lastKnownFileType = folder.assetcatalog; path = Assets.xcassets; sourceTree = "<group>"; };
		308DC97A27EB07A600AC4F65 /* Base */ = {isa = PBXFileReference; lastKnownFileType = file.storyboard; name = Base; path = Base.lproj/LaunchScreen.storyboard; sourceTree = "<group>"; };
		308DC97C27EB07A600AC4F65 /* Info.plist */ = {isa = PBXFileReference; lastKnownFileType = text.plist.xml; path = Info.plist; sourceTree = "<group>"; };
		308DC98127EB07A600AC4F65 /* SwiftUIInUIKitTests.xctest */ = {isa = PBXFileReference; explicitFileType = wrapper.cfbundle; includeInIndex = 0; path = SwiftUIInUIKitTests.xctest; sourceTree = BUILT_PRODUCTS_DIR; };
		308DC98527EB07A600AC4F65 /* SwiftUIInUIKitTests.swift */ = {isa = PBXFileReference; lastKnownFileType = sourcecode.swift; path = SwiftUIInUIKitTests.swift; sourceTree = "<group>"; };
		308DC98B27EB07A600AC4F65 /* SwiftUIInUIKitUITests.xctest */ = {isa = PBXFileReference; explicitFileType = wrapper.cfbundle; includeInIndex = 0; path = SwiftUIInUIKitUITests.xctest; sourceTree = BUILT_PRODUCTS_DIR; };
		308DC98F27EB07A600AC4F65 /* SwiftUIInUIKitUITests.swift */ = {isa = PBXFileReference; lastKnownFileType = sourcecode.swift; path = SwiftUIInUIKitUITests.swift; sourceTree = "<group>"; };
		308DC99127EB07A600AC4F65 /* SwiftUIInUIKitUITestsLaunchTests.swift */ = {isa = PBXFileReference; lastKnownFileType = sourcecode.swift; path = SwiftUIInUIKitUITestsLaunchTests.swift; sourceTree = "<group>"; };
/* End PBXFileReference section */

/* Begin PBXFrameworksBuildPhase section */
		308DC96827EB07A400AC4F65 /* Frameworks */ = {
			isa = PBXFrameworksBuildPhase;
			buildActionMask = 2147483647;
			files = (
			);
			runOnlyForDeploymentPostprocessing = 0;
		};
		308DC97E27EB07A600AC4F65 /* Frameworks */ = {
			isa = PBXFrameworksBuildPhase;
			buildActionMask = 2147483647;
			files = (
			);
			runOnlyForDeploymentPostprocessing = 0;
		};
		308DC98827EB07A600AC4F65 /* Frameworks */ = {
			isa = PBXFrameworksBuildPhase;
			buildActionMask = 2147483647;
			files = (
			);
			runOnlyForDeploymentPostprocessing = 0;
		};
/* End PBXFrameworksBuildPhase section */

/* Begin PBXGroup section */
		308DC96227EB07A400AC4F65 = {
			isa = PBXGroup;
			children = (
				308DC96D27EB07A400AC4F65 /* SwiftUIInUIKit */,
				308DC98427EB07A600AC4F65 /* SwiftUIInUIKitTests */,
				308DC98E27EB07A600AC4F65 /* SwiftUIInUIKitUITests */,
				308DC96C27EB07A400AC4F65 /* Products */,
			);
			sourceTree = "<group>";
		};
		308DC96C27EB07A400AC4F65 /* Products */ = {
			isa = PBXGroup;
			children = (
				308DC96B27EB07A400AC4F65 /* SwiftUIInUIKit.app */,
				308DC98127EB07A600AC4F65 /* SwiftUIInUIKitTests.xctest */,
				308DC98B27EB07A600AC4F65 /* SwiftUIInUIKitUITests.xctest */,
			);
			name = Products;
			sourceTree = "<group>";
		};
		308DC96D27EB07A400AC4F65 /* SwiftUIInUIKit */ = {
			isa = PBXGroup;
			children = (
				308DC96E27EB07A400AC4F65 /* AppDelegate.swift */,
				308DC97027EB07A400AC4F65 /* SceneDelegate.swift */,
				308DC97227EB07A400AC4F65 /* ViewController.swift */,
				308DC97427EB07A400AC4F65 /* Main.storyboard */,
				308DC97727EB07A600AC4F65 /* Assets.xcassets */,
				308DC97927EB07A600AC4F65 /* LaunchScreen.storyboard */,
				308DC97C27EB07A600AC4F65 /* Info.plist */,
			);
			path = SwiftUIInUIKit;
			sourceTree = "<group>";
		};
		308DC98427EB07A600AC4F65 /* SwiftUIInUIKitTests */ = {
			isa = PBXGroup;
			children = (
				308DC98527EB07A600AC4F65 /* SwiftUIInUIKitTests.swift */,
			);
			path = SwiftUIInUIKitTests;
			sourceTree = "<group>";
		};
		308DC98E27EB07A600AC4F65 /* SwiftUIInUIKitUITests */ = {
			isa = PBXGroup;
			children = (
				308DC98F27EB07A600AC4F65 /* SwiftUIInUIKitUITests.swift */,
				308DC99127EB07A600AC4F65 /* SwiftUIInUIKitUITestsLaunchTests.swift */,
			);
			path = SwiftUIInUIKitUITests;
			sourceTree = "<group>";
		};
/* End PBXGroup section */

/* Begin PBXNativeTarget section */
		308DC96A27EB07A400AC4F65 /* SwiftUIInUIKit */ = {
			isa = PBXNativeTarget;
			buildConfigurationList = 308DC99527EB07A600AC4F65 /* Build configuration list for PBXNativeTarget "SwiftUIInUIKit" */;
			buildPhases = (
				308DC96727EB07A400AC4F65 /* Sources */,
				308DC96827EB07A400AC4F65 /* Frameworks */,
				308DC96927EB07A400AC4F65 /* Resources */,
			);
			buildRules = (
			);
			dependencies = (
			);
			name = SwiftUIInUIKit;
			productName = SwiftUIInUIKit;
			productReference = 308DC96B27EB07A400AC4F65 /* SwiftUIInUIKit.app */;
			productType = "com.apple.product-type.application";
		};
		308DC98027EB07A600AC4F65 /* SwiftUIInUIKitTests */ = {
			isa = PBXNativeTarget;
			buildConfigurationList = 308DC99827EB07A600AC4F65 /* Build configuration list for PBXNativeTarget "SwiftUIInUIKitTests" */;
			buildPhases = (
				308DC97D27EB07A600AC4F65 /* Sources */,
				308DC97E27EB07A600AC4F65 /* Frameworks */,
				308DC97F27EB07A600AC4F65 /* Resources */,
			);
			buildRules = (
			);
			dependencies = (
				308DC98327EB07A600AC4F65 /* PBXTargetDependency */,
			);
			name = SwiftUIInUIKitTests;
			productName = SwiftUIInUIKitTests;
			productReference = 308DC98127EB07A600AC4F65 /* SwiftUIInUIKitTests.xctest */;
			productType = "com.apple.product-type.bundle.unit-test";
		};
		308DC98A27EB07A600AC4F65 /* SwiftUIInUIKitUITests */ = {
			isa = PBXNativeTarget;
			buildConfigurationList = 308DC99B27EB07A600AC4F65 /* Build configuration list for PBXNativeTarget "SwiftUIInUIKitUITests" */;
			buildPhases = (
				308DC98727EB07A600AC4F65 /* Sources */,
				308DC98827EB07A600AC4F65 /* Frameworks */,
				308DC98927EB07A600AC4F65 /* Resources */,
			);
			buildRules = (
			);
			dependencies = (
				308DC98D27EB07A600AC4F65 /* PBXTargetDependency */,
			);
			name = SwiftUIInUIKitUITests;
			productName = SwiftUIInUIKitUITests;
			productReference = 308DC98B27EB07A600AC4F65 /* SwiftUIInUIKitUITests.xctest */;
			productType = "com.apple.product-type.bundle.ui-testing";
		};
/* End PBXNativeTarget section */

/* Begin PBXProject section */
		308DC96327EB07A400AC4F65 /* Project object */ = {
			isa = PBXProject;
			attributes = {
				BuildIndependentTargetsInParallel = 1;
				LastSwiftUpdateCheck = 1330;
				LastUpgradeCheck = 1330;
				TargetAttributes = {
					308DC96A27EB07A400AC4F65 = {
						CreatedOnToolsVersion = 13.3;
					};
					308DC98027EB07A600AC4F65 = {
						CreatedOnToolsVersion = 13.3;
						TestTargetID = 308DC96A27EB07A400AC4F65;
					};
					308DC98A27EB07A600AC4F65 = {
						CreatedOnToolsVersion = 13.3;
						TestTargetID = 308DC96A27EB07A400AC4F65;
					};
				};
			};
			buildConfigurationList = 308DC96627EB07A400AC4F65 /* Build configuration list for PBXProject "SwiftUIInUIKit" */;
			compatibilityVersion = "Xcode 13.0";
			developmentRegion = en;
			hasScannedForEncodings = 0;
			knownRegions = (
				en,
				Base,
			);
			mainGroup = 308DC96227EB07A400AC4F65;
			productRefGroup = 308DC96C27EB07A400AC4F65 /* Products */;
			projectDirPath = "";
			projectRoot = "";
			targets = (
				308DC96A27EB07A400AC4F65 /* SwiftUIInUIKit */,
				308DC98027EB07A600AC4F65 /* SwiftUIInUIKitTests */,
				308DC98A27EB07A600AC4F65 /* SwiftUIInUIKitUITests */,
			);
		};
/* End PBXProject section */

/* Begin PBXResourcesBuildPhase section */
		308DC96927EB07A400AC4F65 /* Resources */ = {
			isa = PBXResourcesBuildPhase;
			buildActionMask = 2147483647;
			files = (
				308DC97B27EB07A600AC4F65 /* LaunchScreen.storyboard in Resources */,
				308DC97827EB07A600AC4F65 /* Assets.xcassets in Resources */,
				308DC97627EB07A400AC4F65 /* Main.storyboard in Resources */,
			);
			runOnlyForDeploymentPostprocessing = 0;
		};
		308DC97F27EB07A600AC4F65 /* Resources */ = {
			isa = PBXResourcesBuildPhase;
			buildActionMask = 2147483647;
			files = (
			);
			runOnlyForDeploymentPostprocessing = 0;
		};
		308DC98927EB07A600AC4F65 /* Resources */ = {
			isa = PBXResourcesBuildPhase;
			buildActionMask = 2147483647;
			files = (
			);
			runOnlyForDeploymentPostprocessing = 0;
		};
/* End PBXResourcesBuildPhase section */

/* Begin PBXSourcesBuildPhase section */
		308DC96727EB07A400AC4F65 /* Sources */ = {
			isa = PBXSourcesBuildPhase;
			buildActionMask = 2147483647;
			files = (
				308DC97327EB07A400AC4F65 /* ViewController.swift in Sources */,
				308DC96F27EB07A400AC4F65 /* AppDelegate.swift in Sources */,
				308DC97127EB07A400AC4F65 /* SceneDelegate.swift in Sources */,
			);
			runOnlyForDeploymentPostprocessing = 0;
		};
		308DC97D27EB07A600AC4F65 /* Sources */ = {
			isa = PBXSourcesBuildPhase;
			buildActionMask = 2147483647;
			files = (
				308DC98627EB07A600AC4F65 /* SwiftUIInUIKitTests.swift in Sources */,
			);
			runOnlyForDeploymentPostprocessing = 0;
		};
		308DC98727EB07A600AC4F65 /* Sources */ = {
			isa = PBXSourcesBuildPhase;
			buildActionMask = 2147483647;
			files = (
				308DC99227EB07A600AC4F65 /* SwiftUIInUIKitUITestsLaunchTests.swift in Sources */,
				308DC99027EB07A600AC4F65 /* SwiftUIInUIKitUITests.swift in Sources */,
			);
			runOnlyForDeploymentPostprocessing = 0;
		};
/* End PBXSourcesBuildPhase section */

/* Begin PBXTargetDependency section */
		308DC98327EB07A600AC4F65 /* PBXTargetDependency */ = {
			isa = PBXTargetDependency;
			target = 308DC96A27EB07A400AC4F65 /* SwiftUIInUIKit */;
			targetProxy = 308DC98227EB07A600AC4F65 /* PBXContainerItemProxy */;
		};
		308DC98D27EB07A600AC4F65 /* PBXTargetDependency */ = {
			isa = PBXTargetDependency;
			target = 308DC96A27EB07A400AC4F65 /* SwiftUIInUIKit */;
			targetProxy = 308DC98C27EB07A600AC4F65 /* PBXContainerItemProxy */;
		};
/* End PBXTargetDependency section */

/* Begin PBXVariantGroup section */
		308DC97427EB07A400AC4F65 /* Main.storyboard */ = {
			isa = PBXVariantGroup;
			children = (
				308DC97527EB07A400AC4F65 /* Base */,
			);
			name = Main.storyboard;
			sourceTree = "<group>";
		};
		308DC97927EB07A600AC4F65 /* LaunchScreen.storyboard */ = {
			isa = PBXVariantGroup;
			children = (
				308DC97A27EB07A600AC4F65 /* Base */,
			);
			name = LaunchScreen.storyboard;
			sourceTree = "<group>";
		};
/* End PBXVariantGroup section */

/* Begin XCBuildConfiguration section */
		308DC99327EB07A600AC4F65 /* Debug */ = {
			isa = XCBuildConfiguration;
			buildSettings = {
				ALWAYS_SEARCH_USER_PATHS = NO;
				CLANG_ANALYZER_NONNULL = YES;
				CLANG_ANALYZER_NUMBER_OBJECT_CONVERSION = YES_AGGRESSIVE;
				CLANG_CXX_LANGUAGE_STANDARD = "gnu++17";
				CLANG_ENABLE_MODULES = YES;
				CLANG_ENABLE_OBJC_ARC = YES;
				CLANG_ENABLE_OBJC_WEAK = YES;
				CLANG_WARN_BLOCK_CAPTURE_AUTORELEASING = YES;
				CLANG_WARN_BOOL_CONVERSION = YES;
				CLANG_WARN_COMMA = YES;
				CLANG_WARN_CONSTANT_CONVERSION = YES;
				CLANG_WARN_DEPRECATED_OBJC_IMPLEMENTATIONS = YES;
				CLANG_WARN_DIRECT_OBJC_ISA_USAGE = YES_ERROR;
				CLANG_WARN_DOCUMENTATION_COMMENTS = YES;
				CLANG_WARN_EMPTY_BODY = YES;
				CLANG_WARN_ENUM_CONVERSION = YES;
				CLANG_WARN_INFINITE_RECURSION = YES;
				CLANG_WARN_INT_CONVERSION = YES;
				CLANG_WARN_NON_LITERAL_NULL_CONVERSION = YES;
				CLANG_WARN_OBJC_IMPLICIT_RETAIN_SELF = YES;
				CLANG_WARN_OBJC_LITERAL_CONVERSION = YES;
				CLANG_WARN_OBJC_ROOT_CLASS = YES_ERROR;
				CLANG_WARN_QUOTED_INCLUDE_IN_FRAMEWORK_HEADER = YES;
				CLANG_WARN_RANGE_LOOP_ANALYSIS = YES;
				CLANG_WARN_STRICT_PROTOTYPES = YES;
				CLANG_WARN_SUSPICIOUS_MOVE = YES;
				CLANG_WARN_UNGUARDED_AVAILABILITY = YES_AGGRESSIVE;
				CLANG_WARN_UNREACHABLE_CODE = YES;
				CLANG_WARN__DUPLICATE_METHOD_MATCH = YES;
				COPY_PHASE_STRIP = NO;
				DEBUG_INFORMATION_FORMAT = dwarf;
				ENABLE_STRICT_OBJC_MSGSEND = YES;
				ENABLE_TESTABILITY = YES;
				GCC_C_LANGUAGE_STANDARD = gnu11;
				GCC_DYNAMIC_NO_PIC = NO;
				GCC_NO_COMMON_BLOCKS = YES;
				GCC_OPTIMIZATION_LEVEL = 0;
				GCC_PREPROCESSOR_DEFINITIONS = (
					"DEBUG=1",
					"$(inherited)",
				);
				GCC_WARN_64_TO_32_BIT_CONVERSION = YES;
				GCC_WARN_ABOUT_RETURN_TYPE = YES_ERROR;
				GCC_WARN_UNDECLARED_SELECTOR = YES;
				GCC_WARN_UNINITIALIZED_AUTOS = YES_AGGRESSIVE;
				GCC_WARN_UNUSED_FUNCTION = YES;
				GCC_WARN_UNUSED_VARIABLE = YES;
				IPHONEOS_DEPLOYMENT_TARGET = 15.4;
				MTL_ENABLE_DEBUG_INFO = INCLUDE_SOURCE;
				MTL_FAST_MATH = YES;
				ONLY_ACTIVE_ARCH = YES;
				SDKROOT = iphoneos;
				SWIFT_ACTIVE_COMPILATION_CONDITIONS = DEBUG;
				SWIFT_OPTIMIZATION_LEVEL = "-Onone";
			};
			name = Debug;
		};
		308DC99427EB07A600AC4F65 /* Release */ = {
			isa = XCBuildConfiguration;
			buildSettings = {
				ALWAYS_SEARCH_USER_PATHS = NO;
				CLANG_ANALYZER_NONNULL = YES;
				CLANG_ANALYZER_NUMBER_OBJECT_CONVERSION = YES_AGGRESSIVE;
				CLANG_CXX_LANGUAGE_STANDARD = "gnu++17";
				CLANG_ENABLE_MODULES = YES;
				CLANG_ENABLE_OBJC_ARC = YES;
				CLANG_ENABLE_OBJC_WEAK = YES;
				CLANG_WARN_BLOCK_CAPTURE_AUTORELEASING = YES;
				CLANG_WARN_BOOL_CONVERSION = YES;
				CLANG_WARN_COMMA = YES;
				CLANG_WARN_CONSTANT_CONVERSION = YES;
				CLANG_WARN_DEPRECATED_OBJC_IMPLEMENTATIONS = YES;
				CLANG_WARN_DIRECT_OBJC_ISA_USAGE = YES_ERROR;
				CLANG_WARN_DOCUMENTATION_COMMENTS = YES;
				CLANG_WARN_EMPTY_BODY = YES;
				CLANG_WARN_ENUM_CONVERSION = YES;
				CLANG_WARN_INFINITE_RECURSION = YES;
				CLANG_WARN_INT_CONVERSION = YES;
				CLANG_WARN_NON_LITERAL_NULL_CONVERSION = YES;
				CLANG_WARN_OBJC_IMPLICIT_RETAIN_SELF = YES;
				CLANG_WARN_OBJC_LITERAL_CONVERSION = YES;
				CLANG_WARN_OBJC_ROOT_CLASS = YES_ERROR;
				CLANG_WARN_QUOTED_INCLUDE_IN_FRAMEWORK_HEADER = YES;
				CLANG_WARN_RANGE_LOOP_ANALYSIS = YES;
				CLANG_WARN_STRICT_PROTOTYPES = YES;
				CLANG_WARN_SUSPICIOUS_MOVE = YES;
				CLANG_WARN_UNGUARDED_AVAILABILITY = YES_AGGRESSIVE;
				CLANG_WARN_UNREACHABLE_CODE = YES;
				CLANG_WARN__DUPLICATE_METHOD_MATCH = YES;
				COPY_PHASE_STRIP = NO;
				DEBUG_INFORMATION_FORMAT = "dwarf-with-dsym";
				ENABLE_NS_ASSERTIONS = NO;
				ENABLE_STRICT_OBJC_MSGSEND = YES;
				GCC_C_LANGUAGE_STANDARD = gnu11;
				GCC_NO_COMMON_BLOCKS = YES;
				GCC_WARN_64_TO_32_BIT_CONVERSION = YES;
				GCC_WARN_ABOUT_RETURN_TYPE = YES_ERROR;
				GCC_WARN_UNDECLARED_SELECTOR = YES;
				GCC_WARN_UNINITIALIZED_AUTOS = YES_AGGRESSIVE;
				GCC_WARN_UNUSED_FUNCTION = YES;
				GCC_WARN_UNUSED_VARIABLE = YES;
				IPHONEOS_DEPLOYMENT_TARGET = 15.4;
				MTL_ENABLE_DEBUG_INFO = NO;
				MTL_FAST_MATH = YES;
				SDKROOT = iphoneos;
				SWIFT_COMPILATION_MODE = wholemodule;
				SWIFT_OPTIMIZATION_LEVEL = "-O";
				VALIDATE_PRODUCT = YES;
			};
			name = Release;
		};
		308DC99627EB07A600AC4F65 /* Debug */ = {
			isa = XCBuildConfiguration;
			buildSettings = {
				ASSETCATALOG_COMPILER_APPICON_NAME = AppIcon;
				ASSETCATALOG_COMPILER_GLOBAL_ACCENT_COLOR_NAME = AccentColor;
				CODE_SIGN_STYLE = Automatic;
				CURRENT_PROJECT_VERSION = 1;
				DEVELOPMENT_TEAM = 2RJMXK9G5M;
				GENERATE_INFOPLIST_FILE = YES;
				INFOPLIST_FILE = SwiftUIInUIKit/Info.plist;
				INFOPLIST_KEY_UIApplicationSupportsIndirectInputEvents = YES;
				INFOPLIST_KEY_UILaunchStoryboardName = LaunchScreen;
				INFOPLIST_KEY_UIMainStoryboardFile = Main;
				INFOPLIST_KEY_UISupportedInterfaceOrientations_iPad = "UIInterfaceOrientationPortrait UIInterfaceOrientationPortraitUpsideDown UIInterfaceOrientationLandscapeLeft UIInterfaceOrientationLandscapeRight";
				INFOPLIST_KEY_UISupportedInterfaceOrientations_iPhone = "UIInterfaceOrientationPortrait UIInterfaceOrientationLandscapeLeft UIInterfaceOrientationLandscapeRight";
				LD_RUNPATH_SEARCH_PATHS = (
					"$(inherited)",
					"@executable_path/Frameworks",
				);
				MARKETING_VERSION = 1.0;
				PRODUCT_BUNDLE_IDENTIFIER = com.romainrbn.SwiftUIInUIKit;
				PRODUCT_NAME = "$(TARGET_NAME)";
				SWIFT_EMIT_LOC_STRINGS = YES;
				SWIFT_VERSION = 5.0;
				TARGETED_DEVICE_FAMILY = "1,2";
			};
			name = Debug;
		};
		308DC99727EB07A600AC4F65 /* Release */ = {
			isa = XCBuildConfiguration;
			buildSettings = {
				ASSETCATALOG_COMPILER_APPICON_NAME = AppIcon;
				ASSETCATALOG_COMPILER_GLOBAL_ACCENT_COLOR_NAME = AccentColor;
				CODE_SIGN_STYLE = Automatic;
				CURRENT_PROJECT_VERSION = 1;
				DEVELOPMENT_TEAM = 2RJMXK9G5M;
				GENERATE_INFOPLIST_FILE = YES;
				INFOPLIST_FILE = SwiftUIInUIKit/Info.plist;
				INFOPLIST_KEY_UIApplicationSupportsIndirectInputEvents = YES;
				INFOPLIST_KEY_UILaunchStoryboardName = LaunchScreen;
				INFOPLIST_KEY_UIMainStoryboardFile = Main;
				INFOPLIST_KEY_UISupportedInterfaceOrientations_iPad = "UIInterfaceOrientationPortrait UIInterfaceOrientationPortraitUpsideDown UIInterfaceOrientationLandscapeLeft UIInterfaceOrientationLandscapeRight";
				INFOPLIST_KEY_UISupportedInterfaceOrientations_iPhone = "UIInterfaceOrientationPortrait UIInterfaceOrientationLandscapeLeft UIInterfaceOrientationLandscapeRight";
				LD_RUNPATH_SEARCH_PATHS = (
					"$(inherited)",
					"@executable_path/Frameworks",
				);
				MARKETING_VERSION = 1.0;
				PRODUCT_BUNDLE_IDENTIFIER = com.romainrbn.SwiftUIInUIKit;
				PRODUCT_NAME = "$(TARGET_NAME)";
				SWIFT_EMIT_LOC_STRINGS = YES;
				SWIFT_VERSION = 5.0;
				TARGETED_DEVICE_FAMILY = "1,2";
			};
			name = Release;
		};
		308DC99927EB07A600AC4F65 /* Debug */ = {
			isa = XCBuildConfiguration;
			buildSettings = {
				ALWAYS_EMBED_SWIFT_STANDARD_LIBRARIES = YES;
				BUNDLE_LOADER = "$(TEST_HOST)";
				CODE_SIGN_STYLE = Automatic;
				CURRENT_PROJECT_VERSION = 1;
				DEVELOPMENT_TEAM = 2RJMXK9G5M;
				GENERATE_INFOPLIST_FILE = YES;
				IPHONEOS_DEPLOYMENT_TARGET = 15.4;
				MARKETING_VERSION = 1.0;
				PRODUCT_BUNDLE_IDENTIFIER = com.romainrbn.SwiftUIInUIKitTests;
				PRODUCT_NAME = "$(TARGET_NAME)";
				SWIFT_EMIT_LOC_STRINGS = NO;
				SWIFT_VERSION = 5.0;
				TARGETED_DEVICE_FAMILY = "1,2";
				TEST_HOST = "$(BUILT_PRODUCTS_DIR)/SwiftUIInUIKit.app/SwiftUIInUIKit";
			};
			name = Debug;
		};
		308DC99A27EB07A600AC4F65 /* Release */ = {
			isa = XCBuildConfiguration;
			buildSettings = {
				ALWAYS_EMBED_SWIFT_STANDARD_LIBRARIES = YES;
				BUNDLE_LOADER = "$(TEST_HOST)";
				CODE_SIGN_STYLE = Automatic;
				CURRENT_PROJECT_VERSION = 1;
				DEVELOPMENT_TEAM = 2RJMXK9G5M;
				GENERATE_INFOPLIST_FILE = YES;
				IPHONEOS_DEPLOYMENT_TARGET = 15.4;
				MARKETING_VERSION = 1.0;
				PRODUCT_BUNDLE_IDENTIFIER = com.romainrbn.SwiftUIInUIKitTests;
				PRODUCT_NAME = "$(TARGET_NAME)";
				SWIFT_EMIT_LOC_STRINGS = NO;
				SWIFT_VERSION = 5.0;
				TARGETED_DEVICE_FAMILY = "1,2";
				TEST_HOST = "$(BUILT_PRODUCTS_DIR)/SwiftUIInUIKit.app/SwiftUIInUIKit";
			};
			name = Release;
		};
		308DC99C27EB07A600AC4F65 /* Debug */ = {
			isa = XCBuildConfiguration;
			buildSettings = {
				ALWAYS_EMBED_SWIFT_STANDARD_LIBRARIES = YES;
				CODE_SIGN_STYLE = Automatic;
				CURRENT_PROJECT_VERSION = 1;
				DEVELOPMENT_TEAM = 2RJMXK9G5M;
				GENERATE_INFOPLIST_FILE = YES;
				MARKETING_VERSION = 1.0;
				PRODUCT_BUNDLE_IDENTIFIER = com.romainrbn.SwiftUIInUIKitUITests;
				PRODUCT_NAME = "$(TARGET_NAME)";
				SWIFT_EMIT_LOC_STRINGS = NO;
				SWIFT_VERSION = 5.0;
				TARGETED_DEVICE_FAMILY = "1,2";
				TEST_TARGET_NAME = SwiftUIInUIKit;
			};
			name = Debug;
		};
		308DC99D27EB07A600AC4F65 /* Release */ = {
			isa = XCBuildConfiguration;
			buildSettings = {
				ALWAYS_EMBED_SWIFT_STANDARD_LIBRARIES = YES;
				CODE_SIGN_STYLE = Automatic;
				CURRENT_PROJECT_VERSION = 1;
				DEVELOPMENT_TEAM = 2RJMXK9G5M;
				GENERATE_INFOPLIST_FILE = YES;
				MARKETING_VERSION = 1.0;
				PRODUCT_BUNDLE_IDENTIFIER = com.romainrbn.SwiftUIInUIKitUITests;
				PRODUCT_NAME = "$(TARGET_NAME)";
				SWIFT_EMIT_LOC_STRINGS = NO;
				SWIFT_VERSION = 5.0;
				TARGETED_DEVICE_FAMILY = "1,2";
				TEST_TARGET_NAME = SwiftUIInUIKit;
			};
			name = Release;
		};
/* End XCBuildConfiguration section */

/* Begin XCConfigurationList section */
		308DC96627EB07A400AC4F65 /* Build configuration list for PBXProject "SwiftUIInUIKit" */ = {
			isa = XCConfigurationList;
			buildConfigurations = (
				308DC99327EB07A600AC4F65 /* Debug */,
				308DC99427EB07A600AC4F65 /* Release */,
			);
			defaultConfigurationIsVisible = 0;
			defaultConfigurationName = Release;
		};
		308DC99527EB07A600AC4F65 /* Build configuration list for PBXNativeTarget "SwiftUIInUIKit" */ = {
			isa = XCConfigurationList;
			buildConfigurations = (
				308DC99627EB07A600AC4F65 /* Debug */,
				308DC99727EB07A600AC4F65 /* Release */,
			);
			defaultConfigurationIsVisible = 0;
			defaultConfigurationName = Release;
		};
		308DC99827EB07A600AC4F65 /* Build configuration list for PBXNativeTarget "SwiftUIInUIKitTests" */ = {
			isa = XCConfigurationList;
			buildConfigurations = (
				308DC99927EB07A600AC4F65 /* Debug */,
				308DC99A27EB07A600AC4F65 /* Release */,
			);
			defaultConfigurationIsVisible = 0;
			defaultConfigurationName = Release;
		};
		308DC99B27EB07A600AC4F65 /* Build configuration list for PBXNativeTarget "SwiftUIInUIKitUITests" */ = {
			isa = XCConfigurationList;
			buildConfigurations = (
				308DC99C27EB07A600AC4F65 /* Debug */,
				308DC99D27EB07A600AC4F65 /* Release */,
			);
			defaultConfigurationIsVisible = 0;
			defaultConfigurationName = Release;
		};
/* End XCConfigurationList section */
	};
	rootObject = 308DC96327EB07A400AC4F65 /* Project object */;
}
